
Microsoft Visual Studio Solution File, Format Version 12.00
# Visual Studio Version 16
VisualStudioVersion = 16.0.30907.101
MinimumVisualStudioVersion = 10.0.40219.1
Project("{9A19103F-16F7-4668-BE54-9A1E7A4F7556}") = "BlockChain.WebServer", "BlockChain.WebServer\BlockChain.WebServer.csproj", "{F630F802-3EBA-4172-AB77-E98F5FD0EE5A}"
EndProject
Project("{9A19103F-16F7-4668-BE54-9A1E7A4F7556}") = "BlockChain.Core", "BlockChain.Core\BlockChain.Core.csproj", "{6FC25B9E-DB96-4748-9A84-B5BF3920BAC0}"
EndProject
Global
	GlobalSection(SolutionConfigurationPlatforms) = preSolution
		Debug|Any CPU = Debug|Any CPU
		Release|Any CPU = Release|Any CPU
	EndGlobalSection
	GlobalSection(ProjectConfigurationPlatforms) = postSolution
		{F630F802-3EBA-4172-AB77-E98F5FD0EE5A}.Debug|Any CPU.ActiveCfg = Debug|Any CPU
		{F630F802-3EBA-4172-AB77-E98F5FD0EE5A}.Debug|Any CPU.Build.0 = Debug|Any CPU
		{F630F802-3EBA-4172-AB77-E98F5FD0EE5A}.Release|Any CPU.ActiveCfg = Release|Any CPU
		{F630F802-3EBA-4172-AB77-E98F5FD0EE5A}.Release|Any CPU.Build.0 = Release|Any CPU
		{6FC25B9E-DB96-4748-9A84-B5BF3920BAC0}.Debug|Any CPU.ActiveCfg = Debug|Any CPU
		{6FC25B9E-DB96-4748-9A84-B5BF3920BAC0}.Debug|Any CPU.Build.0 = Debug|Any CPU
		{6FC25B9E-DB96-4748-9A84-B5BF3920BAC0}.Release|Any CPU.ActiveCfg = Release|Any CPU
		{6FC25B9E-DB96-4748-9A84-B5BF3920BAC0}.Release|Any CPU.Build.0 = Release|Any CPU
	EndGlobalSection
	GlobalSection(SolutionProperties) = preSolution
		HideSolutionNode = FALSE
	EndGlobalSection
	GlobalSection(ExtensibilityGlobals) = postSolution
		SolutionGuid = {9F598FC0-37CF-4455-9506-BA534FB8D104}
	EndGlobalSection
EndGlobal
